{
  "object": {
    "pins": [
      {
        "package": "DeckOfPlayingCards",
        "repositoryURL": "git@github.com:fuck-repo/DeckOfPlayingCards.git",
        "state": {
          "branch": null,
          "revision": "dcbebeae97e4034f65aa564e9d0adefc9c2c8ffe",
          "version": "1.2.0"
        }
      },
      {
        "package": "FisherYates",
        "repositoryURL": "git@github.com:fuck-repo/FisherYates.git",
        "state": {
          "branch": null,
          "revision": "e4cf3c7f33eb7abd058ad5f48f637ddb949a7ef5",
          "version": "1.0.0"
        }
      },
      {
        "package": "PlayingCard",
        "repositoryURL": "git@github.com:fuck-repo/PlayingCard.git",
        "state": {
          "branch": null,
          "revision": "c8b6186feb5b8b3b7cdead7834e0397595f2dc84",
          "version": "1.1.0"
        }
      }
    ]
  },
  "version": 1
}
